# THIS IS AN AUTOGENERATED FILE. DO NOT EDIT THIS FILE DIRECTLY.
# yarn lockfile v1


ssr-window@^4.0.2:
  version "4.0.2"
  resolved "https://registry.yarnpkg.com/ssr-window/-/ssr-window-4.0.2.tgz#dc6b3ee37be86ac0e3ddc60030f7b3bc9b8553be"
  integrity sha512-ISv/Ch+ig7SOtw7G2+qkwfVASzazUnvlDTwypdLoPoySv+6MqlOV10VwPSE6EWkGjhW50lUmghPmpYZXMu/+AQ==

swiper@^9.1.0:
  version "9.1.0"
  resolved "https://registry.yarnpkg.com/swiper/-/swiper-9.1.0.tgz#1a804254aa5b52724038ea1b4007193742a6bbf3"
  integrity sha512-Ck8CywwfUghkbUAHbxTAWyeUAcNrIDNJ6EnKFBGGcHDjeqbh0Jq08RbmD5fMu1a0oOv1eIkUGVkqNJy/asm+yA==
  dependencies:
    ssr-window "^4.0.2"
